
Microsoft Visual Studio Solution File, Format Version 12.00
# Visual Studio Version 16
VisualStudioVersion = 16.0.31019.35
MinimumVisualStudioVersion = 10.0.40219.1
Project("{FAE04EC0-301F-11D3-BF4B-00C04F79EFBC}") = "ггг", "ггг.csproj", "{010148FB-E032-4BC7-BDB0-D3C8E39930C3}"
EndProject
Global
	GlobalSection(SolutionConfigurationPlatforms) = preSolution
		Debug|Any CPU = Debug|Any CPU
		Release|Any CPU = Release|Any CPU
	EndGlobalSection
	GlobalSection(ProjectConfigurationPlatforms) = postSolution
		{010148FB-E032-4BC7-BDB0-D3C8E39930C3}.Debug|Any CPU.ActiveCfg = Debug|Any CPU
		{010148FB-E032-4BC7-BDB0-D3C8E39930C3}.Debug|Any CPU.Build.0 = Debug|Any CPU
		{010148FB-E032-4BC7-BDB0-D3C8E39930C3}.Release|Any CPU.ActiveCfg = Release|Any CPU
		{010148FB-E032-4BC7-BDB0-D3C8E39930C3}.Release|Any CPU.Build.0 = Release|Any CPU
	EndGlobalSection
	GlobalSection(SolutionProperties) = preSolution
		HideSolutionNode = FALSE
	EndGlobalSection
	GlobalSection(ExtensibilityGlobals) = postSolution
		SolutionGuid = {54CB5136-AD3E-4E2D-B774-15F988C7291B}
	EndGlobalSection
EndGlobal
